
Microsoft Visual Studio Solution File, Format Version 12.00
# Visual Studio Version 17
VisualStudioVersion = 17.13.35931.197 d17.13
MinimumVisualStudioVersion = 10.0.40219.1
Project("{FAE04EC0-301F-11D3-BF4B-00C04F79EFBC}") = "Backend", "Backend\Backend.csproj", "{BBE52042-6760-4AE5-AD45-790E80D48997}"
EndProject
Global
	GlobalSection(SolutionConfigurationPlatforms) = preSolution
		Debug|Any CPU = Debug|Any CPU
		Release|Any CPU = Release|Any CPU
	EndGlobalSection
	GlobalSection(ProjectConfigurationPlatforms) = postSolution
		{BBE52042-6760-4AE5-AD45-790E80D48997}.Debug|Any CPU.ActiveCfg = Debug|Any CPU
		{BBE52042-6760-4AE5-AD45-790E80D48997}.Debug|Any CPU.Build.0 = Debug|Any CPU
		{BBE52042-6760-4AE5-AD45-790E80D48997}.Release|Any CPU.ActiveCfg = Release|Any CPU
		{BBE52042-6760-4AE5-AD45-790E80D48997}.Release|Any CPU.Build.0 = Release|Any CPU
	EndGlobalSection
	GlobalSection(SolutionProperties) = preSolution
		HideSolutionNode = FALSE
	EndGlobalSection
	GlobalSection(ExtensibilityGlobals) = postSolution
		SolutionGuid = {C6B53F44-4C21-4FBB-810D-BC09AAE90A47}
	EndGlobalSection
EndGlobal
